// !$*UTF8*$!
{
	archiveVersion = 1;
	classes = {
	};
	objectVersion = 46;
	objects = {

/* Begin PBXBuildFile section */
		8824491F1E66ED390010FEB8 /* AddVegetableViewController.m in Sources */ = {isa = PBXBuildFile; fileRef = 8824491E1E66ED390010FEB8 /* AddVegetableViewController.m */; };
		882FD6D41E67E2020047EA14 /* CartNewViewController.m in Sources */ = {isa = PBXBuildFile; fileRef = 882FD6D31E67E2020047EA14 /* CartNewViewController.m */; };
		882FD6D61E6846BD0047EA14 /* delete.png in Resources */ = {isa = PBXBuildFile; fileRef = 882FD6D51E6846BD0047EA14 /* delete.png */; };
		8838A1231E56ABB700B454E5 /* main.m in Sources */ = {isa = PBXBuildFile; fileRef = 8838A1221E56ABB700B454E5 /* main.m */; };
		8838A1261E56ABB700B454E5 /* AppDelegate.m in Sources */ = {isa = PBXBuildFile; fileRef = 8838A1251E56ABB700B454E5 /* AppDelegate.m */; };
		8838A1291E56ABB700B454E5 /* ViewController.m in Sources */ = {isa = PBXBuildFile; fileRef = 8838A1281E56ABB700B454E5 /* ViewController.m */; };
		8838A12E1E56ABB700B454E5 /* Assets.xcassets in Resources */ = {isa = PBXBuildFile; fileRef = 8838A12D1E56ABB700B454E5 /* Assets.xcassets */; };
		8838A1311E56ABB700B454E5 /* LaunchScreen.storyboard in Resources */ = {isa = PBXBuildFile; fileRef = 8838A12F1E56ABB700B454E5 /* LaunchScreen.storyboard */; };
		8838A13C1E56ABB700B454E5 /* Veg_Expenses2Tests.m in Sources */ = {isa = PBXBuildFile; fileRef = 8838A13B1E56ABB700B454E5 /* Veg_Expenses2Tests.m */; };
		8838A1471E56ABB700B454E5 /* Veg_Expenses2UITests.m in Sources */ = {isa = PBXBuildFile; fileRef = 8838A1461E56ABB700B454E5 /* Veg_Expenses2UITests.m */; };
		8838A1581E56BAEA00B454E5 /* MenuTableViewCell.m in Sources */ = {isa = PBXBuildFile; fileRef = 8838A1571E56BAEA00B454E5 /* MenuTableViewCell.m */; };
		8838A15B1E56F74000B454E5 /* libsqlite3.0.tbd in Frameworks */ = {isa = PBXBuildFile; fileRef = 8838A15A1E56F74000B454E5 /* libsqlite3.0.tbd */; };
		8838A1611E57135C00B454E5 /* CartTableViewCell.m in Sources */ = {isa = PBXBuildFile; fileRef = 8838A1601E57135C00B454E5 /* CartTableViewCell.m */; };
		88415C441E60213600F5EE13 /* Main.storyboard in Resources */ = {isa = PBXBuildFile; fileRef = 88415C431E60213600F5EE13 /* Main.storyboard */; };
		88415C471E60325B00F5EE13 /* TotalViewController.m in Sources */ = {isa = PBXBuildFile; fileRef = 88415C461E60325B00F5EE13 /* TotalViewController.m */; };
		88472BD01E69661B00117380 /* add.png in Resources */ = {isa = PBXBuildFile; fileRef = 88472BCE1E69661B00117380 /* add.png */; };
		88472BD11E69661B00117380 /* tick.png in Resources */ = {isa = PBXBuildFile; fileRef = 88472BCF1E69661B00117380 /* tick.png */; };
/* End PBXBuildFile section */

/* Begin PBXContainerItemProxy section */
		8838A1381E56ABB700B454E5 /* PBXContainerItemProxy */ = {
			isa = PBXContainerItemProxy;
			containerPortal = 8838A1161E56ABB700B454E5 /* Project object */;
			proxyType = 1;
			remoteGlobalIDString = 8838A11D1E56ABB700B454E5;
			remoteInfo = Veg_Expenses2;
		};
		8838A1431E56ABB700B454E5 /* PBXContainerItemProxy */ = {
			isa = PBXContainerItemProxy;
			containerPortal = 8838A1161E56ABB700B454E5 /* Project object */;
			proxyType = 1;
			remoteGlobalIDString = 8838A11D1E56ABB700B454E5;
			remoteInfo = Veg_Expenses2;
		};
/* End PBXContainerItemProxy section */

/* Begin PBXFileReference section */
		8824491D1E66ED390010FEB8 /* AddVegetableViewController.h */ = {isa = PBXFileReference; fileEncoding = 4; lastKnownFileType = sourcecode.c.h; path = AddVegetableViewController.h; sourceTree = "<group>"; };
		8824491E1E66ED390010FEB8 /* AddVegetableViewController.m */ = {isa = PBXFileReference; fileEncoding = 4; lastKnownFileType = sourcecode.c.objc; path = AddVegetableViewController.m; sourceTree = "<group>"; };
		882FD6D21E67E2020047EA14 /* CartNewViewController.h */ = {isa = PBXFileReference; fileEncoding = 4; lastKnownFileType = sourcecode.c.h; path = CartNewViewController.h; sourceTree = "<group>"; };
		882FD6D31E67E2020047EA14 /* CartNewViewController.m */ = {isa = PBXFileReference; fileEncoding = 4; lastKnownFileType = sourcecode.c.objc; path = CartNewViewController.m; sourceTree = "<group>"; };
		882FD6D51E6846BD0047EA14 /* delete.png */ = {isa = PBXFileReference; lastKnownFileType = image.png; path = delete.png; sourceTree = "<group>"; };
		8838A11E1E56ABB700B454E5 /* Veg_Expenses2.app */ = {isa = PBXFileReference; explicitFileType = wrapper.application; includeInIndex = 0; path = Veg_Expenses2.app; sourceTree = BUILT_PRODUCTS_DIR; };
		8838A1221E56ABB700B454E5 /* main.m */ = {isa = PBXFileReference; lastKnownFileType = sourcecode.c.objc; path = main.m; sourceTree = "<group>"; };
		8838A1241E56ABB700B454E5 /* AppDelegate.h */ = {isa = PBXFileReference; lastKnownFileType = sourcecode.c.h; path = AppDelegate.h; sourceTree = "<group>"; };
		8838A1251E56ABB700B454E5 /* AppDelegate.m */ = {isa = PBXFileReference; lastKnownFileType = sourcecode.c.objc; path = AppDelegate.m; sourceTree = "<group>"; };
		8838A1271E56ABB700B454E5 /* ViewController.h */ = {isa = PBXFileReference; lastKnownFileType = sourcecode.c.h; path = ViewController.h; sourceTree = "<group>"; };
		8838A1281E56ABB700B454E5 /* ViewController.m */ = {isa = PBXFileReference; lastKnownFileType = sourcecode.c.objc; path = ViewController.m; sourceTree = "<group>"; };
		8838A12D1E56ABB700B454E5 /* Assets.xcassets */ = {isa = PBXFileReference; lastKnownFileType = folder.assetcatalog; path = Assets.xcassets; sourceTree = "<group>"; };
		8838A1301E56ABB700B454E5 /* Base */ = {isa = PBXFileReference; lastKnownFileType = file.storyboard; name = Base; path = Base.lproj/LaunchScreen.storyboard; sourceTree = "<group>"; };
		8838A1321E56ABB700B454E5 /* Info.plist */ = {isa = PBXFileReference; lastKnownFileType = text.plist.xml; path = Info.plist; sourceTree = "<group>"; };
		8838A1371E56ABB700B454E5 /* Veg_Expenses2Tests.xctest */ = {isa = PBXFileReference; explicitFileType = wrapper.cfbundle; includeInIndex = 0; path = Veg_Expenses2Tests.xctest; sourceTree = BUILT_PRODUCTS_DIR; };
		8838A13B1E56ABB700B454E5 /* Veg_Expenses2Tests.m */ = {isa = PBXFileReference; lastKnownFileType = sourcecode.c.objc; path = Veg_Expenses2Tests.m; sourceTree = "<group>"; };
		8838A13D1E56ABB700B454E5 /* Info.plist */ = {isa = PBXFileReference; lastKnownFileType = text.plist.xml; path = Info.plist; sourceTree = "<group>"; };
		8838A1421E56ABB700B454E5 /* Veg_Expenses2UITests.xctest */ = {isa = PBXFileReference; explicitFileType = wrapper.cfbundle; includeInIndex = 0; path = Veg_Expenses2UITests.xctest; sourceTree = BUILT_PRODUCTS_DIR; };
		8838A1461E56ABB700B454E5 /* Veg_Expenses2UITests.m */ = {isa = PBXFileReference; lastKnownFileType = sourcecode.c.objc; path = Veg_Expenses2UITests.m; sourceTree = "<group>"; };
		8838A1481E56ABB700B454E5 /* Info.plist */ = {isa = PBXFileReference; lastKnownFileType = text.plist.xml; path = Info.plist; sourceTree = "<group>"; };
		8838A1561E56BAEA00B454E5 /* MenuTableViewCell.h */ = {isa = PBXFileReference; fileEncoding = 4; lastKnownFileType = sourcecode.c.h; path = MenuTableViewCell.h; sourceTree = "<group>"; };
		8838A1571E56BAEA00B454E5 /* MenuTableViewCell.m */ = {isa = PBXFileReference; fileEncoding = 4; lastKnownFileType = sourcecode.c.objc; path = MenuTableViewCell.m; sourceTree = "<group>"; };
		8838A15A1E56F74000B454E5 /* libsqlite3.0.tbd */ = {isa = PBXFileReference; lastKnownFileType = "sourcecode.text-based-dylib-definition"; name = libsqlite3.0.tbd; path = usr/lib/libsqlite3.0.tbd; sourceTree = SDKROOT; };
		8838A15F1E57135C00B454E5 /* CartTableViewCell.h */ = {isa = PBXFileReference; fileEncoding = 4; lastKnownFileType = sourcecode.c.h; path = CartTableViewCell.h; sourceTree = "<group>"; };
		8838A1601E57135C00B454E5 /* CartTableViewCell.m */ = {isa = PBXFileReference; fileEncoding = 4; lastKnownFileType = sourcecode.c.objc; path = CartTableViewCell.m; sourceTree = "<group>"; };
		88415C431E60213600F5EE13 /* Main.storyboard */ = {isa = PBXFileReference; fileEncoding = 4; lastKnownFileType = file.storyboard; path = Main.storyboard; sourceTree = "<group>"; };
		88415C451E60325B00F5EE13 /* TotalViewController.h */ = {isa = PBXFileReference; fileEncoding = 4; lastKnownFileType = sourcecode.c.h; path = TotalViewController.h; sourceTree = "<group>"; };
		88415C461E60325B00F5EE13 /* TotalViewController.m */ = {isa = PBXFileReference; fileEncoding = 4; lastKnownFileType = sourcecode.c.objc; path = TotalViewController.m; sourceTree = "<group>"; };
		88472BCE1E69661B00117380 /* add.png */ = {isa = PBXFileReference; lastKnownFileType = image.png; path = add.png; sourceTree = "<group>"; };
		88472BCF1E69661B00117380 /* tick.png */ = {isa = PBXFileReference; lastKnownFileType = image.png; path = tick.png; sourceTree = "<group>"; };
/* End PBXFileReference section */

/* Begin PBXFrameworksBuildPhase section */
		8838A11B1E56ABB700B454E5 /* Frameworks */ = {
			isa = PBXFrameworksBuildPhase;
			buildActionMask = 2147483647;
			files = (
				8838A15B1E56F74000B454E5 /* libsqlite3.0.tbd in Frameworks */,
			);
			runOnlyForDeploymentPostprocessing = 0;
		};
		8838A1341E56ABB700B454E5 /* Frameworks */ = {
			isa = PBXFrameworksBuildPhase;
			buildActionMask = 2147483647;
			files = (
			);
			runOnlyForDeploymentPostprocessing = 0;
		};
		8838A13F1E56ABB700B454E5 /* Frameworks */ = {
			isa = PBXFrameworksBuildPhase;
			buildActionMask = 2147483647;
			files = (
			);
			runOnlyForDeploymentPostprocessing = 0;
		};
/* End PBXFrameworksBuildPhase section */

/* Begin PBXGroup section */
		8838A1151E56ABB700B454E5 = {
			isa = PBXGroup;
			children = (
				8838A1201E56ABB700B454E5 /* Veg_Expenses2 */,
				8838A13A1E56ABB700B454E5 /* Veg_Expenses2Tests */,
				8838A1451E56ABB700B454E5 /* Veg_Expenses2UITests */,
				8838A11F1E56ABB700B454E5 /* Products */,
				8838A1591E56F73F00B454E5 /* Frameworks */,
			);
			sourceTree = "<group>";
		};
		8838A11F1E56ABB700B454E5 /* Products */ = {
			isa = PBXGroup;
			children = (
				8838A11E1E56ABB700B454E5 /* Veg_Expenses2.app */,
				8838A1371E56ABB700B454E5 /* Veg_Expenses2Tests.xctest */,
				8838A1421E56ABB700B454E5 /* Veg_Expenses2UITests.xctest */,
			);
			name = Products;
			sourceTree = "<group>";
		};
		8838A1201E56ABB700B454E5 /* Veg_Expenses2 */ = {
			isa = PBXGroup;
			children = (
				8838A1241E56ABB700B454E5 /* AppDelegate.h */,
				8838A1251E56ABB700B454E5 /* AppDelegate.m */,
				8824491D1E66ED390010FEB8 /* AddVegetableViewController.h */,
				8824491E1E66ED390010FEB8 /* AddVegetableViewController.m */,
				8838A1271E56ABB700B454E5 /* ViewController.h */,
				8838A1281E56ABB700B454E5 /* ViewController.m */,
				8838A1561E56BAEA00B454E5 /* MenuTableViewCell.h */,
				8838A1571E56BAEA00B454E5 /* MenuTableViewCell.m */,
				882FD6D21E67E2020047EA14 /* CartNewViewController.h */,
				882FD6D31E67E2020047EA14 /* CartNewViewController.m */,
				8838A15F1E57135C00B454E5 /* CartTableViewCell.h */,
				8838A1601E57135C00B454E5 /* CartTableViewCell.m */,
				88415C451E60325B00F5EE13 /* TotalViewController.h */,
				88415C461E60325B00F5EE13 /* TotalViewController.m */,
				88415C431E60213600F5EE13 /* Main.storyboard */,
				88472BCE1E69661B00117380 /* add.png */,
				88472BCF1E69661B00117380 /* tick.png */,
				882FD6D51E6846BD0047EA14 /* delete.png */,
				8838A12D1E56ABB700B454E5 /* Assets.xcassets */,
				8838A12F1E56ABB700B454E5 /* LaunchScreen.storyboard */,
				8838A1321E56ABB700B454E5 /* Info.plist */,
				8838A1211E56ABB700B454E5 /* Supporting Files */,
			);
			path = Veg_Expenses2;
			sourceTree = "<group>";
		};
		8838A1211E56ABB700B454E5 /* Supporting Files */ = {
			isa = PBXGroup;
			children = (
				8838A1221E56ABB700B454E5 /* main.m */,
			);
			name = "Supporting Files";
			sourceTree = "<group>";
		};
		8838A13A1E56ABB700B454E5 /* Veg_Expenses2Tests */ = {
			isa = PBXGroup;
			children = (
				8838A13B1E56ABB700B454E5 /* Veg_Expenses2Tests.m */,
				8838A13D1E56ABB700B454E5 /* Info.plist */,
			);
			path = Veg_Expenses2Tests;
			sourceTree = "<group>";
		};
		8838A1451E56ABB700B454E5 /* Veg_Expenses2UITests */ = {
			isa = PBXGroup;
			children = (
				8838A1461E56ABB700B454E5 /* Veg_Expenses2UITests.m */,
				8838A1481E56ABB700B454E5 /* Info.plist */,
			);
			path = Veg_Expenses2UITests;
			sourceTree = "<group>";
		};
		8838A1591E56F73F00B454E5 /* Frameworks */ = {
			isa = PBXGroup;
			children = (
				8838A15A1E56F74000B454E5 /* libsqlite3.0.tbd */,
			);
			name = Frameworks;
			sourceTree = "<group>";
		};
/* End PBXGroup section */

/* Begin PBXNativeTarget section */
		8838A11D1E56ABB700B454E5 /* Veg_Expenses2 */ = {
			isa = PBXNativeTarget;
			buildConfigurationList = 8838A14B1E56ABB700B454E5 /* Build configuration list for PBXNativeTarget "Veg_Expenses2" */;
			buildPhases = (
				8838A11A1E56ABB700B454E5 /* Sources */,
				8838A11B1E56ABB700B454E5 /* Frameworks */,
				8838A11C1E56ABB700B454E5 /* Resources */,
			);
			buildRules = (
			);
			dependencies = (
			);
			name = Veg_Expenses2;
			productName = Veg_Expenses2;
			productReference = 8838A11E1E56ABB700B454E5 /* Veg_Expenses2.app */;
			productType = "com.apple.product-type.application";
		};
		8838A1361E56ABB700B454E5 /* Veg_Expenses2Tests */ = {
			isa = PBXNativeTarget;
			buildConfigurationList = 8838A14E1E56ABB700B454E5 /* Build configuration list for PBXNativeTarget "Veg_Expenses2Tests" */;
			buildPhases = (
				8838A1331E56ABB700B454E5 /* Sources */,
				8838A1341E56ABB700B454E5 /* Frameworks */,
				8838A1351E56ABB700B454E5 /* Resources */,
			);
			buildRules = (
			);
			dependencies = (
				8838A1391E56ABB700B454E5 /* PBXTargetDependency */,
			);
			name = Veg_Expenses2Tests;
			productName = Veg_Expenses2Tests;
			productReference = 8838A1371E56ABB700B454E5 /* Veg_Expenses2Tests.xctest */;
			productType = "com.apple.product-type.bundle.unit-test";
		};
		8838A1411E56ABB700B454E5 /* Veg_Expenses2UITests */ = {
			isa = PBXNativeTarget;
			buildConfigurationList = 8838A1511E56ABB700B454E5 /* Build configuration list for PBXNativeTarget "Veg_Expenses2UITests" */;
			buildPhases = (
				8838A13E1E56ABB700B454E5 /* Sources */,
				8838A13F1E56ABB700B454E5 /* Frameworks */,
				8838A1401E56ABB700B454E5 /* Resources */,
			);
			buildRules = (
			);
			dependencies = (
				8838A1441E56ABB700B454E5 /* PBXTargetDependency */,
			);
			name = Veg_Expenses2UITests;
			productName = Veg_Expenses2UITests;
			productReference = 8838A1421E56ABB700B454E5 /* Veg_Expenses2UITests.xctest */;
			productType = "com.apple.product-type.bundle.ui-testing";
		};
/* End PBXNativeTarget section */

/* Begin PBXProject section */
		8838A1161E56ABB700B454E5 /* Project object */ = {
			isa = PBXProject;
			attributes = {
				LastUpgradeCheck = 0820;
				ORGANIZATIONNAME = Anveshak;
				TargetAttributes = {
					8838A11D1E56ABB700B454E5 = {
						CreatedOnToolsVersion = 8.2.1;
						DevelopmentTeam = J7MGKG8D8M;
						ProvisioningStyle = Automatic;
					};
					8838A1361E56ABB700B454E5 = {
						CreatedOnToolsVersion = 8.2.1;
						ProvisioningStyle = Automatic;
						TestTargetID = 8838A11D1E56ABB700B454E5;
					};
					8838A1411E56ABB700B454E5 = {
						CreatedOnToolsVersion = 8.2.1;
						ProvisioningStyle = Automatic;
						TestTargetID = 8838A11D1E56ABB700B454E5;
					};
				};
			};
			buildConfigurationList = 8838A1191E56ABB700B454E5 /* Build configuration list for PBXProject "Veg_Expenses2" */;
			compatibilityVersion = "Xcode 3.2";
			developmentRegion = English;
			hasScannedForEncodings = 0;
			knownRegions = (
				en,
				Base,
			);
			mainGroup = 8838A1151E56ABB700B454E5;
			productRefGroup = 8838A11F1E56ABB700B454E5 /* Products */;
			projectDirPath = "";
			projectRoot = "";
			targets = (
				8838A11D1E56ABB700B454E5 /* Veg_Expenses2 */,
				8838A1361E56ABB700B454E5 /* Veg_Expenses2Tests */,
				8838A1411E56ABB700B454E5 /* Veg_Expenses2UITests */,
			);
		};
/* End PBXProject section */

/* Begin PBXResourcesBuildPhase section */
		8838A11C1E56ABB700B454E5 /* Resources */ = {
			isa = PBXResourcesBuildPhase;
			buildActionMask = 2147483647;
			files = (
				882FD6D61E6846BD0047EA14 /* delete.png in Resources */,
				8838A1311E56ABB700B454E5 /* LaunchScreen.storyboard in Resources */,
				88472BD11E69661B00117380 /* tick.png in Resources */,
				88415C441E60213600F5EE13 /* Main.storyboard in Resources */,
				88472BD01E69661B00117380 /* add.png in Resources */,
				8838A12E1E56ABB700B454E5 /* Assets.xcassets in Resources */,
			);
			runOnlyForDeploymentPostprocessing = 0;
		};
		8838A1351E56ABB700B454E5 /* Resources */ = {
			isa = PBXResourcesBuildPhase;
			buildActionMask = 2147483647;
			files = (
			);
			runOnlyForDeploymentPostprocessing = 0;
		};
		8838A1401E56ABB700B454E5 /* Resources */ = {
			isa = PBXResourcesBuildPhase;
			buildActionMask = 2147483647;
			files = (
			);
			runOnlyForDeploymentPostprocessing = 0;
		};
/* End PBXResourcesBuildPhase section */

/* Begin PBXSourcesBuildPhase section */
		8838A11A1E56ABB700B454E5 /* Sources */ = {
			isa = PBXSourcesBuildPhase;
			buildActionMask = 2147483647;
			files = (
				88415C471E60325B00F5EE13 /* TotalViewController.m in Sources */,
				8838A1291E56ABB700B454E5 /* ViewController.m in Sources */,
				882FD6D41E67E2020047EA14 /* CartNewViewController.m in Sources */,
				8838A1611E57135C00B454E5 /* CartTableViewCell.m in Sources */,
				8838A1261E56ABB700B454E5 /* AppDelegate.m in Sources */,
				8838A1581E56BAEA00B454E5 /* MenuTableViewCell.m in Sources */,
				8838A1231E56ABB700B454E5 /* main.m in Sources */,
				8824491F1E66ED390010FEB8 /* AddVegetableViewController.m in Sources */,
			);
			runOnlyForDeploymentPostprocessing = 0;
		};
		8838A1331E56ABB700B454E5 /* Sources */ = {
			isa = PBXSourcesBuildPhase;
			buildActionMask = 2147483647;
			files = (
				8838A13C1E56ABB700B454E5 /* Veg_Expenses2Tests.m in Sources */,
			);
			runOnlyForDeploymentPostprocessing = 0;
		};
		8838A13E1E56ABB700B454E5 /* Sources */ = {
			isa = PBXSourcesBuildPhase;
			buildActionMask = 2147483647;
			files = (
				8838A1471E56ABB700B454E5 /* Veg_Expenses2UITests.m in Sources */,
			);
			runOnlyForDeploymentPostprocessing = 0;
		};
/* End PBXSourcesBuildPhase section */

/* Begin PBXTargetDependency section */
		8838A1391E56ABB700B454E5 /* PBXTargetDependency */ = {
			isa = PBXTargetDependency;
			target = 8838A11D1E56ABB700B454E5 /* Veg_Expenses2 */;
			targetProxy = 8838A1381E56ABB700B454E5 /* PBXContainerItemProxy */;
		};
		8838A1441E56ABB700B454E5 /* PBXTargetDependency */ = {
			isa = PBXTargetDependency;
			target = 8838A11D1E56ABB700B454E5 /* Veg_Expenses2 */;
			targetProxy = 8838A1431E56ABB700B454E5 /* PBXContainerItemProxy */;
		};
/* End PBXTargetDependency section */

/* Begin PBXVariantGroup section */
		8838A12F1E56ABB700B454E5 /* LaunchScreen.storyboard */ = {
			isa = PBXVariantGroup;
			children = (
				8838A1301E56ABB700B454E5 /* Base */,
			);
			name = LaunchScreen.storyboard;
			sourceTree = "<group>";
		};
/* End PBXVariantGroup section */

/* Begin XCBuildConfiguration section */
		8838A1491E56ABB700B454E5 /* Debug */ = {
			isa = XCBuildConfiguration;
			buildSettings = {
				ALWAYS_SEARCH_USER_PATHS = NO;
				CLANG_ANALYZER_NONNULL = YES;
				CLANG_CXX_LANGUAGE_STANDARD = "gnu++0x";
				CLANG_CXX_LIBRARY = "libc++";
				CLANG_ENABLE_MODULES = YES;
				CLANG_ENABLE_OBJC_ARC = YES;
				CLANG_WARN_BOOL_CONVERSION = YES;
				CLANG_WARN_CONSTANT_CONVERSION = YES;
				CLANG_WARN_DIRECT_OBJC_ISA_USAGE = YES_ERROR;
				CLANG_WARN_DOCUMENTATION_COMMENTS = YES;
				CLANG_WARN_EMPTY_BODY = YES;
				CLANG_WARN_ENUM_CONVERSION = YES;
				CLANG_WARN_INFINITE_RECURSION = YES;
				CLANG_WARN_INT_CONVERSION = YES;
				CLANG_WARN_OBJC_ROOT_CLASS = YES_ERROR;
				CLANG_WARN_SUSPICIOUS_MOVE = YES;
				CLANG_WARN_UNREACHABLE_CODE = YES;
				CLANG_WARN__DUPLICATE_METHOD_MATCH = YES;
				"CODE_SIGN_IDENTITY[sdk=iphoneos*]" = "iPhone Developer";
				COPY_PHASE_STRIP = NO;
				DEBUG_INFORMATION_FORMAT = dwarf;
				ENABLE_STRICT_OBJC_MSGSEND = YES;
				ENABLE_TESTABILITY = YES;
				GCC_C_LANGUAGE_STANDARD = gnu99;
				GCC_DYNAMIC_NO_PIC = NO;
				GCC_NO_COMMON_BLOCKS = YES;
				GCC_OPTIMIZATION_LEVEL = 0;
				GCC_PREPROCESSOR_DEFINITIONS = (
					"DEBUG=1",
					"$(inherited)",
				);
				GCC_WARN_64_TO_32_BIT_CONVERSION = YES;
				GCC_WARN_ABOUT_RETURN_TYPE = YES_ERROR;
				GCC_WARN_UNDECLARED_SELECTOR = YES;
				GCC_WARN_UNINITIALIZED_AUTOS = YES_AGGRESSIVE;
				GCC_WARN_UNUSED_FUNCTION = YES;
				GCC_WARN_UNUSED_VARIABLE = YES;
				IPHONEOS_DEPLOYMENT_TARGET = 10.2;
				MTL_ENABLE_DEBUG_INFO = YES;
				ONLY_ACTIVE_ARCH = YES;
				SDKROOT = iphoneos;
				TARGETED_DEVICE_FAMILY = "1,2";
			};
			name = Debug;
		};
		8838A14A1E56ABB700B454E5 /* Release */ = {
			isa = XCBuildConfiguration;
			buildSettings = {
				ALWAYS_SEARCH_USER_PATHS = NO;
				CLANG_ANALYZER_NONNULL = YES;
				CLANG_CXX_LANGUAGE_STANDARD = "gnu++0x";
				CLANG_CXX_LIBRARY = "libc++";
				CLANG_ENABLE_MODULES = YES;
				CLANG_ENABLE_OBJC_ARC = YES;
				CLANG_WARN_BOOL_CONVERSION = YES;
				CLANG_WARN_CONSTANT_CONVERSION = YES;
				CLANG_WARN_DIRECT_OBJC_ISA_USAGE = YES_ERROR;
				CLANG_WARN_DOCUMENTATION_COMMENTS = YES;
				CLANG_WARN_EMPTY_BODY = YES;
				CLANG_WARN_ENUM_CONVERSION = YES;
				CLANG_WARN_INFINITE_RECURSION = YES;
				CLANG_WARN_INT_CONVERSION = YES;
				CLANG_WARN_OBJC_ROOT_CLASS = YES_ERROR;
				CLANG_WARN_SUSPICIOUS_MOVE = YES;
				CLANG_WARN_UNREACHABLE_CODE = YES;
				CLANG_WARN__DUPLICATE_METHOD_MATCH = YES;
				"CODE_SIGN_IDENTITY[sdk=iphoneos*]" = "iPhone Developer";
				COPY_PHASE_STRIP = NO;
				DEBUG_INFORMATION_FORMAT = "dwarf-with-dsym";
				ENABLE_NS_ASSERTIONS = NO;
				ENABLE_STRICT_OBJC_MSGSEND = YES;
				GCC_C_LANGUAGE_STANDARD = gnu99;
				GCC_NO_COMMON_BLOCKS = YES;
				GCC_WARN_64_TO_32_BIT_CONVERSION = YES;
				GCC_WARN_ABOUT_RETURN_TYPE = YES_ERROR;
				GCC_WARN_UNDECLARED_SELECTOR = YES;
				GCC_WARN_UNINITIALIZED_AUTOS = YES_AGGRESSIVE;
				GCC_WARN_UNUSED_FUNCTION = YES;
				GCC_WARN_UNUSED_VARIABLE = YES;
				IPHONEOS_DEPLOYMENT_TARGET = 10.2;
				MTL_ENABLE_DEBUG_INFO = NO;
				SDKROOT = iphoneos;
				TARGETED_DEVICE_FAMILY = "1,2";
				VALIDATE_PRODUCT = YES;
			};
			name = Release;
		};
		8838A14C1E56ABB700B454E5 /* Debug */ = {
			isa = XCBuildConfiguration;
			buildSettings = {
				ASSETCATALOG_COMPILER_APPICON_NAME = AppIcon;
				DEVELOPMENT_TEAM = J7MGKG8D8M;
				INFOPLIST_FILE = Veg_Expenses2/Info.plist;
				IPHONEOS_DEPLOYMENT_TARGET = 9.3;
				LD_RUNPATH_SEARCH_PATHS = "$(inherited) @executable_path/Frameworks";
				PRODUCT_BUNDLE_IDENTIFIER = "-.Veg-Expenses2";
				PRODUCT_NAME = "$(TARGET_NAME)";
			};
			name = Debug;
		};
		8838A14D1E56ABB700B454E5 /* Release */ = {
			isa = XCBuildConfiguration;
			buildSettings = {
				ASSETCATALOG_COMPILER_APPICON_NAME = AppIcon;
				DEVELOPMENT_TEAM = J7MGKG8D8M;
				INFOPLIST_FILE = Veg_Expenses2/Info.plist;
				IPHONEOS_DEPLOYMENT_TARGET = 9.3;
				LD_RUNPATH_SEARCH_PATHS = "$(inherited) @executable_path/Frameworks";
				PRODUCT_BUNDLE_IDENTIFIER = "-.Veg-Expenses2";
				PRODUCT_NAME = "$(TARGET_NAME)";
			};
			name = Release;
		};
		8838A14F1E56ABB700B454E5 /* Debug */ = {
			isa = XCBuildConfiguration;
			buildSettings = {
				BUNDLE_LOADER = "$(TEST_HOST)";
				INFOPLIST_FILE = Veg_Expenses2Tests/Info.plist;
				LD_RUNPATH_SEARCH_PATHS = "$(inherited) @executable_path/Frameworks @loader_path/Frameworks";
				PRODUCT_BUNDLE_IDENTIFIER = "-.Veg-Expenses2Tests";
				PRODUCT_NAME = "$(TARGET_NAME)";
				TEST_HOST = "$(BUILT_PRODUCTS_DIR)/Veg_Expenses2.app/Veg_Expenses2";
			};
			name = Debug;
		};
		8838A1501E56ABB700B454E5 /* Release */ = {
			isa = XCBuildConfiguration;
			buildSettings = {
				BUNDLE_LOADER = "$(TEST_HOST)";
				INFOPLIST_FILE = Veg_Expenses2Tests/Info.plist;
				LD_RUNPATH_SEARCH_PATHS = "$(inherited) @executable_path/Frameworks @loader_path/Frameworks";
				PRODUCT_BUNDLE_IDENTIFIER = "-.Veg-Expenses2Tests";
				PRODUCT_NAME = "$(TARGET_NAME)";
				TEST_HOST = "$(BUILT_PRODUCTS_DIR)/Veg_Expenses2.app/Veg_Expenses2";
			};
			name = Release;
		};
		8838A1521E56ABB700B454E5 /* Debug */ = {
			isa = XCBuildConfiguration;
			buildSettings = {
				INFOPLIST_FILE = Veg_Expenses2UITests/Info.plist;
				LD_RUNPATH_SEARCH_PATHS = "$(inherited) @executable_path/Frameworks @loader_path/Frameworks";
				PRODUCT_BUNDLE_IDENTIFIER = "-.Veg-Expenses2UITests";
				PRODUCT_NAME = "$(TARGET_NAME)";
				TEST_TARGET_NAME = Veg_Expenses2;
			};
			name = Debug;
		};
		8838A1531E56ABB700B454E5 /* Release */ = {
			isa = XCBuildConfiguration;
			buildSettings = {
				INFOPLIST_FILE = Veg_Expenses2UITests/Info.plist;
				LD_RUNPATH_SEARCH_PATHS = "$(inherited) @executable_path/Frameworks @loader_path/Frameworks";
				PRODUCT_BUNDLE_IDENTIFIER = "-.Veg-Expenses2UITests";
				PRODUCT_NAME = "$(TARGET_NAME)";
				TEST_TARGET_NAME = Veg_Expenses2;
			};
			name = Release;
		};
/* End XCBuildConfiguration section */

/* Begin XCConfigurationList section */
		8838A1191E56ABB700B454E5 /* Build configuration list for PBXProject "Veg_Expenses2" */ = {
			isa = XCConfigurationList;
			buildConfigurations = (
				8838A1491E56ABB700B454E5 /* Debug */,
				8838A14A1E56ABB700B454E5 /* Release */,
			);
			defaultConfigurationIsVisible = 0;
			defaultConfigurationName = Release;
		};
		8838A14B1E56ABB700B454E5 /* Build configuration list for PBXNativeTarget "Veg_Expenses2" */ = {
			isa = XCConfigurationList;
			buildConfigurations = (
				8838A14C1E56ABB700B454E5 /* Debug */,
				8838A14D1E56ABB700B454E5 /* Release */,
			);
			defaultConfigurationIsVisible = 0;
			defaultConfigurationName = Release;
		};
		8838A14E1E56ABB700B454E5 /* Build configuration list for PBXNativeTarget "Veg_Expenses2Tests" */ = {
			isa = XCConfigurationList;
			buildConfigurations = (
				8838A14F1E56ABB700B454E5 /* Debug */,
				8838A1501E56ABB700B454E5 /* Release */,
			);
			defaultConfigurationIsVisible = 0;
			defaultConfigurationName = Release;
		};
		8838A1511E56ABB700B454E5 /* Build configuration list for PBXNativeTarget "Veg_Expenses2UITests" */ = {
			isa = XCConfigurationList;
			buildConfigurations = (
				8838A1521E56ABB700B454E5 /* Debug */,
				8838A1531E56ABB700B454E5 /* Release */,
			);
			defaultConfigurationIsVisible = 0;
			defaultConfigurationName = Release;
		};
/* End XCConfigurationList section */
	};
	rootObject = 8838A1161E56ABB700B454E5 /* Project object */;
}
